{
  "name": "similar_beatmap",
  "lockfileVersion": 3,
  "requires": true,
  "packages": {
    "": {
      "dependencies": {
        "lucide-react": "^1.34.0"
      }
    },
    "node_modules/lucide-react": {
      "version": "1.34.0",
      "resolved": "https://registry.npmjs.org/lucide-react/-/lucide-react-1.34.0.tgz",
      "integrity": "sha512-vnjGJNI7Htk5+oWW8gXGuaLgwgAb0T6/iZbBrp9JCfRFwdNWZ0YTm3eyxjOLgwN6r8iyAf3UA70zNmBRBNv7yg==",
      "license": "ISC",
      "peerDependencies": {
        "react": "^16.5.1 || ^17.0.0 || ^18.0.0 || ^19.0.0"
      }
    },
    "node_modules/react": {
      "version": "19.2.8",
      "resolved": "https://registry.npmjs.org/react/-/react-19.2.8.tgz",
      "integrity": "sha512-PWaYA1L/q9u2u7xYQi+Y3L3Yfnie7XyLeaJICV1MGD6LprsBxcAqGjYyr0eY3p+QdsA+x/Irkt4Qif8D63+Sbw==",
      "license": "MIT",
      "peer": true,
      "engines": {
        "node": ">=0.10.0"
      }
    }
  }
}
